
Microsoft Visual Studio Solution File, Format Version 12.00
# Visual Studio Version 17
VisualStudioVersion = 17.4.33213.308
MinimumVisualStudioVersion = 10.0.40219.1
Project("{FAE04EC0-301F-11D3-BF4B-00C04F79EFBC}") = "InfnetReavaliacao", "InfnetReavaliacao\InfnetReavaliacao.csproj", "{D2EB20BC-A62E-4EE9-AF30-C9FF722FD8C8}"
EndProject
Global
	GlobalSection(SolutionConfigurationPlatforms) = preSolution
		Debug|Any CPU = Debug|Any CPU
		Release|Any CPU = Release|Any CPU
	EndGlobalSection
	GlobalSection(ProjectConfigurationPlatforms) = postSolution
		{D2EB20BC-A62E-4EE9-AF30-C9FF722FD8C8}.Debug|Any CPU.ActiveCfg = Debug|Any CPU
		{D2EB20BC-A62E-4EE9-AF30-C9FF722FD8C8}.Debug|Any CPU.Build.0 = Debug|Any CPU
		{D2EB20BC-A62E-4EE9-AF30-C9FF722FD8C8}.Release|Any CPU.ActiveCfg = Release|Any CPU
		{D2EB20BC-A62E-4EE9-AF30-C9FF722FD8C8}.Release|Any CPU.Build.0 = Release|Any CPU
	EndGlobalSection
	GlobalSection(SolutionProperties) = preSolution
		HideSolutionNode = FALSE
	EndGlobalSection
	GlobalSection(ExtensibilityGlobals) = postSolution
		SolutionGuid = {055063F7-A5C5-463F-A139-C49E36DEDB81}
	EndGlobalSection
EndGlobal
